<Solution>
  <Folder Name="/src/">
    <Project Path="src/DnSpyXDX.Application/DnSpyXDX.Application.csproj" />
    <Project Path="src/DnSpyXDX.Decompilation/DnSpyXDX.Decompilation.csproj" />
    <Project Path="src/DnSpyXDX.Debugging/DnSpyXDX.Debugging.csproj" />
    <Project Path="src/DnSpyXDX.Debugging.CoreClr/DnSpyXDX.Debugging.CoreClr.csproj" />
    <Project Path="src/DnSpyXDX.Debugging.Mono/DnSpyXDX.Debugging.Mono.csproj" />
    <Project Path="src/DnSpyXDX.Debugging.UnityMono/DnSpyXDX.Debugging.UnityMono.csproj" />
    <Project Path="src/DnSpyXDX.Debugging.Protocol/DnSpyXDX.Debugging.Protocol.csproj" />
    <Project Path="src/DnSpyXDX.Debugger.Worker/DnSpyXDX.Debugger.Worker.csproj" />
    <Project Path="src/DnSpyXDX.Export/DnSpyXDX.Export.csproj" />
    <Project Path="src/DnSpyXDX.UI/DnSpyXDX.UI.csproj" />
    <Project Path="src/DnSpyXDX.Host/DnSpyXDX.Host.csproj" />
  </Folder>
  <Folder Name="/tests/">
    <Project Path="tests/DnSpyXDX.Debugger.TestWorker/DnSpyXDX.Debugger.TestWorker.csproj" />
    <Project Path="tests/DnSpyXDX.Tests/DnSpyXDX.Tests.csproj" />
  </Folder>
  <Folder Name="/third_party/">
    <Project Path="third_party/debugger-libs/Mono.Debugger.Soft/Mono.Debugger.Soft.csproj" />
  </Folder>
</Solution>
